{
  "sources": {
    "apt": {
      "locked_version": "2.2.1"
    },
    "git": {
      "locked_version": "2.7.0"
    },
    "build-essential": {
      "locked_version": "1.4.2"
    },
    "nginx": {
      "locked_version": "2.0.0"
    },
    "libqt": {
      "path": "./cookbooks/libqt"
    },
    "ruby_build": {
      "locked_version": "0.8.0"
    },
    "rbenv": {
      "locked_version": "0.7.2",
      "git": "git://github.com/fnichol/chef-rbenv.git",
      "ref": "f2b53292e810dd2b43f6121f9958f5f29979dcb1"
    },
    "mysql": {
      "locked_version": "3.0.12"
    },
    "imagemagick": {
      "locked_version": "0.2.2"
    },
    "dmg": {
      "locked_version": "2.1.2"
    },
    "yum": {
      "locked_version": "3.0.4"
    },
    "windows": {
      "locked_version": "1.12.6"
    },
    "chef_handler": {
      "locked_version": "1.1.4"
    },
    "runit": {
      "locked_version": "1.5.8"
    },
    "yum-epel": {
      "locked_version": "0.2.0"
    },
    "bluepill": {
      "locked_version": "2.3.1"
    },
    "rsyslog": {
      "locked_version": "1.10.2"
    },
    "ohai": {
      "locked_version": "1.1.12"
    },
    "cmake": {
      "locked_version": "0.2.0"
    },
    "java": {
      "locked_version": "1.14.0"
    },
    "aws": {
      "locked_version": "1.0.0"
    },
    "openssl": {
      "locked_version": "1.1.0"
    }
  }
}
